
Microsoft Visual Studio Solution File, Format Version 12.00
# Visual Studio Version 17
VisualStudioVersion = 17.6.33829.357
MinimumVisualStudioVersion = 10.0.40219.1
Project("{FAE04EC0-301F-11D3-BF4B-00C04F79EFBC}") = "servise_center", "servise_center\servise_center.csproj", "{94E916F4-5BA5-47A1-B370-67841C5C19AA}"
EndProject
Global
	GlobalSection(SolutionConfigurationPlatforms) = preSolution
		Debug|Any CPU = Debug|Any CPU
		Release|Any CPU = Release|Any CPU
	EndGlobalSection
	GlobalSection(ProjectConfigurationPlatforms) = postSolution
		{94E916F4-5BA5-47A1-B370-67841C5C19AA}.Debug|Any CPU.ActiveCfg = Debug|Any CPU
		{94E916F4-5BA5-47A1-B370-67841C5C19AA}.Debug|Any CPU.Build.0 = Debug|Any CPU
		{94E916F4-5BA5-47A1-B370-67841C5C19AA}.Release|Any CPU.ActiveCfg = Release|Any CPU
		{94E916F4-5BA5-47A1-B370-67841C5C19AA}.Release|Any CPU.Build.0 = Release|Any CPU
	EndGlobalSection
	GlobalSection(SolutionProperties) = preSolution
		HideSolutionNode = FALSE
	EndGlobalSection
	GlobalSection(ExtensibilityGlobals) = postSolution
		SolutionGuid = {C2E4FFB3-2FEA-4A62-9CAF-21E1002A733B}
	EndGlobalSection
EndGlobal
